{
  "pins" : [
    {
      "identity" : "app-sdk",
      "kind" : "remoteSourceControl",
      "location" : "https://github.com/JoeManto/app-sdk.git",
      "state" : {
        "branch" : "main",
        "revision" : "887d57611a4302f8955d2591162dfc3e1ba88fda"
      }
    },
    {
      "identity" : "swiftui-introspect",
      "kind" : "remoteSourceControl",
      "location" : "https://github.com/siteline/SwiftUI-Introspect.git",
      "state" : {
        "revision" : "84196bab1c7f05ad8c3c2a5bfb3058b1211e189f",
        "version" : "0.6.1"
      }
    }
  ],
  "version" : 2
}
