{
  "pins" : [
    {
      "identity" : "app-sdk",
      "kind" : "remoteSourceControl",
      "location" : "https://github.com/JoeManto/app-sdk.git",
      "state" : {
        "branch" : "main",
        "revision" : "29ee3d5cca774b95b27b5cd9512bb2d9df1d172e"
      }
    },
    {
      "identity" : "swiftui-introspect",
      "kind" : "remoteSourceControl",
      "location" : "https://github.com/siteline/SwiftUI-Introspect.git",
      "state" : {
        "revision" : "c18951c747ab62af7c15e17a81bd37d4fd5a9979",
        "version" : "0.2.3"
      }
    }
  ],
  "version" : 2
}
