// !$*UTF8*$!
{
	archiveVersion = 1;
	classes = {
	};
	objectVersion = 48;
	objects = {

/* Begin PBXBuildFile section */
		70218C4920B7965400C508E8 /* OPGroupOptionsView.swift in Sources */ = {isa = PBXBuildFile; fileRef = 70218C4820B7965400C508E8 /* OPGroupOptionsView.swift */; };
		702F38A520E9975A0099BC87 /* ClipboardSettingController.swift in Sources */ = {isa = PBXBuildFile; fileRef = 702F38A420E9975A0099BC87 /* ClipboardSettingController.swift */; };
		703F0309297C5CF20007152F /* ColorView.swift in Sources */ = {isa = PBXBuildFile; fileRef = 703F0308297C5CF20007152F /* ColorView.swift */; };
		70603853293C3BC200D275B9 /* PaletteView.swift in Sources */ = {isa = PBXBuildFile; fileRef = 70603852293C3BC200D275B9 /* PaletteView.swift */; };
		70603855293C455A00D275B9 /* ColorGroupSelectorView.swift in Sources */ = {isa = PBXBuildFile; fileRef = 70603854293C455A00D275B9 /* ColorGroupSelectorView.swift */; };
		70603858293D2BA200D275B9 /* PaletteService.swift in Sources */ = {isa = PBXBuildFile; fileRef = 70603857293D2BA200D275B9 /* PaletteService.swift */; };
		7060385A293D465B00D275B9 /* NSColor+Util.swift in Sources */ = {isa = PBXBuildFile; fileRef = 70603859293D465B00D275B9 /* NSColor+Util.swift */; };
		7060385D293ECD8F00D275B9 /* PaletteViewModel.swift in Sources */ = {isa = PBXBuildFile; fileRef = 7060385C293ECD8F00D275B9 /* PaletteViewModel.swift */; };
		7060385F293ECDD000D275B9 /* ColorGroupGridViewModel.swift in Sources */ = {isa = PBXBuildFile; fileRef = 7060385E293ECDD000D275B9 /* ColorGroupGridViewModel.swift */; };
		70603861293ECE0800D275B9 /* ColorGroupSelectorViewModel.swift in Sources */ = {isa = PBXBuildFile; fileRef = 70603860293ECE0800D275B9 /* ColorGroupSelectorViewModel.swift */; };
		7060386429459E6800D275B9 /* PageController.swift in Sources */ = {isa = PBXBuildFile; fileRef = 7060386329459E6800D275B9 /* PageController.swift */; };
		706038662946D26600D275B9 /* PaletteModifierController.swift in Sources */ = {isa = PBXBuildFile; fileRef = 706038652946D26600D275B9 /* PaletteModifierController.swift */; };
		7060393C294FC04C00D275B9 /* PaletteNavigationView.swift in Sources */ = {isa = PBXBuildFile; fileRef = 7060393B294FC04C00D275B9 /* PaletteNavigationView.swift */; };
		706B90B820CAFC9D005E6250 /* OPUtil.swift in Sources */ = {isa = PBXBuildFile; fileRef = 706B90B720CAFC9D005E6250 /* OPUtil.swift */; };
		7070BDFE20D05A2F00A96D5A /* OPNameTextField.swift in Sources */ = {isa = PBXBuildFile; fileRef = 7070BDFD20D05A2F00A96D5A /* OPNameTextField.swift */; };
		70B64F23209667B200D379BC /* AppleDesginColors.json in Resources */ = {isa = PBXBuildFile; fileRef = 70B64F22209667B200D379BC /* AppleDesginColors.json */; };
		70B64F252096C0AA00D379BC /* OPViewController.swift in Sources */ = {isa = PBXBuildFile; fileRef = 70B64F242096C0AA00D379BC /* OPViewController.swift */; };
		70B64F272096C2B200D379BC /* MainWindowController.swift in Sources */ = {isa = PBXBuildFile; fileRef = 70B64F262096C2B200D379BC /* MainWindowController.swift */; };
		70B64F292098369400D379BC /* OPWindow.swift in Sources */ = {isa = PBXBuildFile; fileRef = 70B64F282098369400D379BC /* OPWindow.swift */; };
		70CD485D293C19F9000AF83A /* ColorGroupGridView.swift in Sources */ = {isa = PBXBuildFile; fileRef = 70CD485C293C19F9000AF83A /* ColorGroupGridView.swift */; };
		70D690732048CED70070C99D /* AppDelegate.swift in Sources */ = {isa = PBXBuildFile; fileRef = 70D690722048CED70070C99D /* AppDelegate.swift */; };
		70D690782048CED70070C99D /* OnePalette.xcdatamodeld in Sources */ = {isa = PBXBuildFile; fileRef = 70D690762048CED70070C99D /* OnePalette.xcdatamodeld */; };
		70D6907A2048CED70070C99D /* Assets.xcassets in Resources */ = {isa = PBXBuildFile; fileRef = 70D690792048CED70070C99D /* Assets.xcassets */; };
		70D6907D2048CED70070C99D /* Main.storyboard in Resources */ = {isa = PBXBuildFile; fileRef = 70D6907B2048CED70070C99D /* Main.storyboard */; };
		70D690892048CED70070C99D /* OnePaletteTests.swift in Sources */ = {isa = PBXBuildFile; fileRef = 70D690882048CED70070C99D /* OnePaletteTests.swift */; };
		70D690952048D7F30070C99D /* ColorViewerController.swift in Sources */ = {isa = PBXBuildFile; fileRef = 70D690932048D7F30070C99D /* ColorViewerController.swift */; };
		70D69098204BA5360070C99D /* EventMonitor.swift in Sources */ = {isa = PBXBuildFile; fileRef = 70D69097204BA5360070C99D /* EventMonitor.swift */; };
		70D6909E204BB57B0070C99D /* ColorSquareView.swift in Sources */ = {isa = PBXBuildFile; fileRef = 70D6909D204BB57B0070C99D /* ColorSquareView.swift */; };
		70F954F7296B86980035E8E3 /* PaletteEditingContentView.swift in Sources */ = {isa = PBXBuildFile; fileRef = 70F954F6296B86980035E8E3 /* PaletteEditingContentView.swift */; };
		70FE689F204F5BF300DA4E76 /* Palette.swift in Sources */ = {isa = PBXBuildFile; fileRef = 70FE689E204F5BF300DA4E76 /* Palette.swift */; };
		70FE68A3204F5C9700DA4E76 /* OPColorGroup.swift in Sources */ = {isa = PBXBuildFile; fileRef = 70FE68A2204F5C9700DA4E76 /* OPColorGroup.swift */; };
		70FE68A5204F5DEB00DA4E76 /* OPColor.swift in Sources */ = {isa = PBXBuildFile; fileRef = 70FE68A4204F5DEB00DA4E76 /* OPColor.swift */; };
		70FE68A72050CE9F00DA4E76 /* MaterialDesginColors.json in Resources */ = {isa = PBXBuildFile; fileRef = 70FE689C204E0F9400DA4E76 /* MaterialDesginColors.json */; };
		70FE68A9205233FA00DA4E76 /* ColorGroupSelector.swift in Sources */ = {isa = PBXBuildFile; fileRef = 70FE68A8205233FA00DA4E76 /* ColorGroupSelector.swift */; };
/* End PBXBuildFile section */

/* Begin PBXContainerItemProxy section */
		70D690852048CED70070C99D /* PBXContainerItemProxy */ = {
			isa = PBXContainerItemProxy;
			containerPortal = 70D690672048CED70070C99D /* Project object */;
			proxyType = 1;
			remoteGlobalIDString = 70D6906E2048CED70070C99D;
			remoteInfo = OnePalette;
		};
/* End PBXContainerItemProxy section */

/* Begin PBXFileReference section */
		70218C4820B7965400C508E8 /* OPGroupOptionsView.swift */ = {isa = PBXFileReference; lastKnownFileType = sourcecode.swift; path = OPGroupOptionsView.swift; sourceTree = "<group>"; };
		702F38A420E9975A0099BC87 /* ClipboardSettingController.swift */ = {isa = PBXFileReference; lastKnownFileType = sourcecode.swift; path = ClipboardSettingController.swift; sourceTree = "<group>"; };
		703F0308297C5CF20007152F /* ColorView.swift */ = {isa = PBXFileReference; lastKnownFileType = sourcecode.swift; path = ColorView.swift; sourceTree = "<group>"; };
		70603852293C3BC200D275B9 /* PaletteView.swift */ = {isa = PBXFileReference; lastKnownFileType = sourcecode.swift; path = PaletteView.swift; sourceTree = "<group>"; };
		70603854293C455A00D275B9 /* ColorGroupSelectorView.swift */ = {isa = PBXFileReference; lastKnownFileType = sourcecode.swift; path = ColorGroupSelectorView.swift; sourceTree = "<group>"; };
		70603857293D2BA200D275B9 /* PaletteService.swift */ = {isa = PBXFileReference; lastKnownFileType = sourcecode.swift; path = PaletteService.swift; sourceTree = "<group>"; };
		70603859293D465B00D275B9 /* NSColor+Util.swift */ = {isa = PBXFileReference; lastKnownFileType = sourcecode.swift; path = "NSColor+Util.swift"; sourceTree = "<group>"; };
		7060385C293ECD8F00D275B9 /* PaletteViewModel.swift */ = {isa = PBXFileReference; lastKnownFileType = sourcecode.swift; path = PaletteViewModel.swift; sourceTree = "<group>"; };
		7060385E293ECDD000D275B9 /* ColorGroupGridViewModel.swift */ = {isa = PBXFileReference; lastKnownFileType = sourcecode.swift; path = ColorGroupGridViewModel.swift; sourceTree = "<group>"; };
		70603860293ECE0800D275B9 /* ColorGroupSelectorViewModel.swift */ = {isa = PBXFileReference; lastKnownFileType = sourcecode.swift; path = ColorGroupSelectorViewModel.swift; sourceTree = "<group>"; };
		7060386329459E6800D275B9 /* PageController.swift */ = {isa = PBXFileReference; lastKnownFileType = sourcecode.swift; path = PageController.swift; sourceTree = "<group>"; };
		706038652946D26600D275B9 /* PaletteModifierController.swift */ = {isa = PBXFileReference; lastKnownFileType = sourcecode.swift; path = PaletteModifierController.swift; sourceTree = "<group>"; };
		7060393B294FC04C00D275B9 /* PaletteNavigationView.swift */ = {isa = PBXFileReference; lastKnownFileType = sourcecode.swift; path = PaletteNavigationView.swift; sourceTree = "<group>"; };
		706B90B720CAFC9D005E6250 /* OPUtil.swift */ = {isa = PBXFileReference; lastKnownFileType = sourcecode.swift; path = OPUtil.swift; sourceTree = "<group>"; };
		7070BDFD20D05A2F00A96D5A /* OPNameTextField.swift */ = {isa = PBXFileReference; lastKnownFileType = sourcecode.swift; path = OPNameTextField.swift; sourceTree = "<group>"; };
		70B64F22209667B200D379BC /* AppleDesginColors.json */ = {isa = PBXFileReference; lastKnownFileType = text.json; path = AppleDesginColors.json; sourceTree = "<group>"; };
		70B64F242096C0AA00D379BC /* OPViewController.swift */ = {isa = PBXFileReference; lastKnownFileType = sourcecode.swift; path = OPViewController.swift; sourceTree = "<group>"; };
		70B64F262096C2B200D379BC /* MainWindowController.swift */ = {isa = PBXFileReference; lastKnownFileType = sourcecode.swift; path = MainWindowController.swift; sourceTree = "<group>"; };
		70B64F282098369400D379BC /* OPWindow.swift */ = {isa = PBXFileReference; lastKnownFileType = sourcecode.swift; path = OPWindow.swift; sourceTree = "<group>"; };
		70CD485C293C19F9000AF83A /* ColorGroupGridView.swift */ = {isa = PBXFileReference; lastKnownFileType = sourcecode.swift; path = ColorGroupGridView.swift; sourceTree = "<group>"; };
		70D6906F2048CED70070C99D /* OnePalette.app */ = {isa = PBXFileReference; explicitFileType = wrapper.application; includeInIndex = 0; path = OnePalette.app; sourceTree = BUILT_PRODUCTS_DIR; };
		70D690722048CED70070C99D /* AppDelegate.swift */ = {isa = PBXFileReference; lastKnownFileType = sourcecode.swift; path = AppDelegate.swift; sourceTree = "<group>"; };
		70D690772048CED70070C99D /* OnePalette.xcdatamodel */ = {isa = PBXFileReference; lastKnownFileType = wrapper.xcdatamodel; path = OnePalette.xcdatamodel; sourceTree = "<group>"; };
		70D690792048CED70070C99D /* Assets.xcassets */ = {isa = PBXFileReference; lastKnownFileType = folder.assetcatalog; path = Assets.xcassets; sourceTree = "<group>"; };
		70D6907C2048CED70070C99D /* Base */ = {isa = PBXFileReference; lastKnownFileType = file.storyboard; name = Base; path = Base.lproj/Main.storyboard; sourceTree = "<group>"; };
		70D6907E2048CED70070C99D /* Info.plist */ = {isa = PBXFileReference; lastKnownFileType = text.plist.xml; path = Info.plist; sourceTree = "<group>"; };
		70D6907F2048CED70070C99D /* OnePalette.entitlements */ = {isa = PBXFileReference; lastKnownFileType = text.plist.entitlements; path = OnePalette.entitlements; sourceTree = "<group>"; };
		70D690842048CED70070C99D /* OnePaletteTests.xctest */ = {isa = PBXFileReference; explicitFileType = wrapper.cfbundle; includeInIndex = 0; path = OnePaletteTests.xctest; sourceTree = BUILT_PRODUCTS_DIR; };
		70D690882048CED70070C99D /* OnePaletteTests.swift */ = {isa = PBXFileReference; lastKnownFileType = sourcecode.swift; path = OnePaletteTests.swift; sourceTree = "<group>"; };
		70D6908A2048CED70070C99D /* Info.plist */ = {isa = PBXFileReference; lastKnownFileType = text.plist.xml; path = Info.plist; sourceTree = "<group>"; };
		70D690932048D7F30070C99D /* ColorViewerController.swift */ = {isa = PBXFileReference; lastKnownFileType = sourcecode.swift; path = ColorViewerController.swift; sourceTree = "<group>"; };
		70D69097204BA5360070C99D /* EventMonitor.swift */ = {isa = PBXFileReference; lastKnownFileType = sourcecode.swift; path = EventMonitor.swift; sourceTree = "<group>"; };
		70D6909D204BB57B0070C99D /* ColorSquareView.swift */ = {isa = PBXFileReference; lastKnownFileType = sourcecode.swift; path = ColorSquareView.swift; sourceTree = "<group>"; };
		70F954F6296B86980035E8E3 /* PaletteEditingContentView.swift */ = {isa = PBXFileReference; lastKnownFileType = sourcecode.swift; path = PaletteEditingContentView.swift; sourceTree = "<group>"; };
		70FE689C204E0F9400DA4E76 /* MaterialDesginColors.json */ = {isa = PBXFileReference; fileEncoding = 4; lastKnownFileType = text.json; path = MaterialDesginColors.json; sourceTree = "<group>"; };
		70FE689E204F5BF300DA4E76 /* Palette.swift */ = {isa = PBXFileReference; lastKnownFileType = sourcecode.swift; path = Palette.swift; sourceTree = "<group>"; };
		70FE68A2204F5C9700DA4E76 /* OPColorGroup.swift */ = {isa = PBXFileReference; lastKnownFileType = sourcecode.swift; path = OPColorGroup.swift; sourceTree = "<group>"; };
		70FE68A4204F5DEB00DA4E76 /* OPColor.swift */ = {isa = PBXFileReference; lastKnownFileType = sourcecode.swift; path = OPColor.swift; sourceTree = "<group>"; };
		70FE68A8205233FA00DA4E76 /* ColorGroupSelector.swift */ = {isa = PBXFileReference; lastKnownFileType = sourcecode.swift; path = ColorGroupSelector.swift; sourceTree = "<group>"; };
/* End PBXFileReference section */

/* Begin PBXFrameworksBuildPhase section */
		70D6906C2048CED70070C99D /* Frameworks */ = {
			isa = PBXFrameworksBuildPhase;
			buildActionMask = 2147483647;
			files = (
			);
			runOnlyForDeploymentPostprocessing = 0;
		};
		70D690812048CED70070C99D /* Frameworks */ = {
			isa = PBXFrameworksBuildPhase;
			buildActionMask = 2147483647;
			files = (
			);
			runOnlyForDeploymentPostprocessing = 0;
		};
/* End PBXFrameworksBuildPhase section */

/* Begin PBXGroup section */
		702F38A620E997670099BC87 /* Controllers */ = {
			isa = PBXGroup;
			children = (
				70B64F262096C2B200D379BC /* MainWindowController.swift */,
				702F38A420E9975A0099BC87 /* ClipboardSettingController.swift */,
				70D690932048D7F30070C99D /* ColorViewerController.swift */,
				70B64F242096C0AA00D379BC /* OPViewController.swift */,
				706038652946D26600D275B9 /* PaletteModifierController.swift */,
			);
			path = Controllers;
			sourceTree = "<group>";
		};
		702F38A720E997790099BC87 /* Views */ = {
			isa = PBXGroup;
			children = (
				7060393A294FC02200D275B9 /* PaletteEditing */,
				70218C4820B7965400C508E8 /* OPGroupOptionsView.swift */,
				7070BDFD20D05A2F00A96D5A /* OPNameTextField.swift */,
				70CD485C293C19F9000AF83A /* ColorGroupGridView.swift */,
				70603852293C3BC200D275B9 /* PaletteView.swift */,
				70603854293C455A00D275B9 /* ColorGroupSelectorView.swift */,
				703F0308297C5CF20007152F /* ColorView.swift */,
			);
			path = Views;
			sourceTree = "<group>";
		};
		70603856293D2B8500D275B9 /* Services */ = {
			isa = PBXGroup;
			children = (
				70603857293D2BA200D275B9 /* PaletteService.swift */,
				7060386329459E6800D275B9 /* PageController.swift */,
			);
			path = Services;
			sourceTree = "<group>";
		};
		7060385B293ECD4900D275B9 /* PalettePopoverView */ = {
			isa = PBXGroup;
			children = (
				7060385C293ECD8F00D275B9 /* PaletteViewModel.swift */,
				7060385E293ECDD000D275B9 /* ColorGroupGridViewModel.swift */,
				70603860293ECE0800D275B9 /* ColorGroupSelectorViewModel.swift */,
			);
			path = PalettePopoverView;
			sourceTree = "<group>";
		};
		70603862293ECE1C00D275B9 /* Legacy */ = {
			isa = PBXGroup;
			children = (
				70FE68A8205233FA00DA4E76 /* ColorGroupSelector.swift */,
				70D6909D204BB57B0070C99D /* ColorSquareView.swift */,
			);
			path = Legacy;
			sourceTree = "<group>";
		};
		7060393A294FC02200D275B9 /* PaletteEditing */ = {
			isa = PBXGroup;
			children = (
				70F954F6296B86980035E8E3 /* PaletteEditingContentView.swift */,
				7060393B294FC04C00D275B9 /* PaletteNavigationView.swift */,
			);
			path = PaletteEditing;
			sourceTree = "<group>";
		};
		70CD4859293BD087000AF83A /* Models */ = {
			isa = PBXGroup;
			children = (
				70FE689E204F5BF300DA4E76 /* Palette.swift */,
				70FE68A4204F5DEB00DA4E76 /* OPColor.swift */,
				70FE68A2204F5C9700DA4E76 /* OPColorGroup.swift */,
			);
			path = Models;
			sourceTree = "<group>";
		};
		70CD485A293BD0A6000AF83A /* Util */ = {
			isa = PBXGroup;
			children = (
				70D69097204BA5360070C99D /* EventMonitor.swift */,
				70B64F282098369400D379BC /* OPWindow.swift */,
				706B90B720CAFC9D005E6250 /* OPUtil.swift */,
				70603859293D465B00D275B9 /* NSColor+Util.swift */,
			);
			path = Util;
			sourceTree = "<group>";
		};
		70CD485B293BD114000AF83A /* ViewModels */ = {
			isa = PBXGroup;
			children = (
				7060385B293ECD4900D275B9 /* PalettePopoverView */,
			);
			path = ViewModels;
			sourceTree = "<group>";
		};
		70D690662048CED70070C99D = {
			isa = PBXGroup;
			children = (
				70D690712048CED70070C99D /* OnePalette */,
				70D690872048CED70070C99D /* OnePaletteTests */,
				70D690702048CED70070C99D /* Products */,
			);
			sourceTree = "<group>";
		};
		70D690702048CED70070C99D /* Products */ = {
			isa = PBXGroup;
			children = (
				70D6906F2048CED70070C99D /* OnePalette.app */,
				70D690842048CED70070C99D /* OnePaletteTests.xctest */,
			);
			name = Products;
			sourceTree = "<group>";
		};
		70D690712048CED70070C99D /* OnePalette */ = {
			isa = PBXGroup;
			children = (
				70603856293D2B8500D275B9 /* Services */,
				70CD4859293BD087000AF83A /* Models */,
				70CD485B293BD114000AF83A /* ViewModels */,
				702F38A720E997790099BC87 /* Views */,
				702F38A620E997670099BC87 /* Controllers */,
				70CD485A293BD0A6000AF83A /* Util */,
				70603862293ECE1C00D275B9 /* Legacy */,
				70D690722048CED70070C99D /* AppDelegate.swift */,
				70D690792048CED70070C99D /* Assets.xcassets */,
				70D6907B2048CED70070C99D /* Main.storyboard */,
				70D6907E2048CED70070C99D /* Info.plist */,
				70D6907F2048CED70070C99D /* OnePalette.entitlements */,
				70D690762048CED70070C99D /* OnePalette.xcdatamodeld */,
				70FE689C204E0F9400DA4E76 /* MaterialDesginColors.json */,
				70B64F22209667B200D379BC /* AppleDesginColors.json */,
			);
			path = OnePalette;
			sourceTree = "<group>";
		};
		70D690872048CED70070C99D /* OnePaletteTests */ = {
			isa = PBXGroup;
			children = (
				70D690882048CED70070C99D /* OnePaletteTests.swift */,
				70D6908A2048CED70070C99D /* Info.plist */,
			);
			path = OnePaletteTests;
			sourceTree = "<group>";
		};
/* End PBXGroup section */

/* Begin PBXNativeTarget section */
		70D6906E2048CED70070C99D /* OnePalette */ = {
			isa = PBXNativeTarget;
			buildConfigurationList = 70D6908D2048CED70070C99D /* Build configuration list for PBXNativeTarget "OnePalette" */;
			buildPhases = (
				70D6906B2048CED70070C99D /* Sources */,
				70D6906C2048CED70070C99D /* Frameworks */,
				70D6906D2048CED70070C99D /* Resources */,
			);
			buildRules = (
			);
			dependencies = (
			);
			name = OnePalette;
			productName = OnePalette;
			productReference = 70D6906F2048CED70070C99D /* OnePalette.app */;
			productType = "com.apple.product-type.application";
		};
		70D690832048CED70070C99D /* OnePaletteTests */ = {
			isa = PBXNativeTarget;
			buildConfigurationList = 70D690902048CED70070C99D /* Build configuration list for PBXNativeTarget "OnePaletteTests" */;
			buildPhases = (
				70D690802048CED70070C99D /* Sources */,
				70D690812048CED70070C99D /* Frameworks */,
				70D690822048CED70070C99D /* Resources */,
			);
			buildRules = (
			);
			dependencies = (
				70D690862048CED70070C99D /* PBXTargetDependency */,
			);
			name = OnePaletteTests;
			productName = OnePaletteTests;
			productReference = 70D690842048CED70070C99D /* OnePaletteTests.xctest */;
			productType = "com.apple.product-type.bundle.unit-test";
		};
/* End PBXNativeTarget section */

/* Begin PBXProject section */
		70D690672048CED70070C99D /* Project object */ = {
			isa = PBXProject;
			attributes = {
				LastSwiftUpdateCheck = 0920;
				LastUpgradeCheck = 1400;
				ORGANIZATIONNAME = "Joe Manto";
				TargetAttributes = {
					70D6906E2048CED70070C99D = {
						CreatedOnToolsVersion = 9.2;
						ProvisioningStyle = Automatic;
					};
					70D690832048CED70070C99D = {
						CreatedOnToolsVersion = 9.2;
						ProvisioningStyle = Automatic;
						TestTargetID = 70D6906E2048CED70070C99D;
					};
				};
			};
			buildConfigurationList = 70D6906A2048CED70070C99D /* Build configuration list for PBXProject "OnePalette" */;
			compatibilityVersion = "Xcode 8.0";
			developmentRegion = en;
			hasScannedForEncodings = 0;
			knownRegions = (
				en,
				Base,
			);
			mainGroup = 70D690662048CED70070C99D;
			productRefGroup = 70D690702048CED70070C99D /* Products */;
			projectDirPath = "";
			projectRoot = "";
			targets = (
				70D6906E2048CED70070C99D /* OnePalette */,
				70D690832048CED70070C99D /* OnePaletteTests */,
			);
		};
/* End PBXProject section */

/* Begin PBXResourcesBuildPhase section */
		70D6906D2048CED70070C99D /* Resources */ = {
			isa = PBXResourcesBuildPhase;
			buildActionMask = 2147483647;
			files = (
				70B64F23209667B200D379BC /* AppleDesginColors.json in Resources */,
				70FE68A72050CE9F00DA4E76 /* MaterialDesginColors.json in Resources */,
				70D6907A2048CED70070C99D /* Assets.xcassets in Resources */,
				70D6907D2048CED70070C99D /* Main.storyboard in Resources */,
			);
			runOnlyForDeploymentPostprocessing = 0;
		};
		70D690822048CED70070C99D /* Resources */ = {
			isa = PBXResourcesBuildPhase;
			buildActionMask = 2147483647;
			files = (
			);
			runOnlyForDeploymentPostprocessing = 0;
		};
/* End PBXResourcesBuildPhase section */

/* Begin PBXSourcesBuildPhase section */
		70D6906B2048CED70070C99D /* Sources */ = {
			isa = PBXSourcesBuildPhase;
			buildActionMask = 2147483647;
			files = (
				7060385D293ECD8F00D275B9 /* PaletteViewModel.swift in Sources */,
				70218C4920B7965400C508E8 /* OPGroupOptionsView.swift in Sources */,
				706038662946D26600D275B9 /* PaletteModifierController.swift in Sources */,
				70B64F292098369400D379BC /* OPWindow.swift in Sources */,
				703F0309297C5CF20007152F /* ColorView.swift in Sources */,
				70CD485D293C19F9000AF83A /* ColorGroupGridView.swift in Sources */,
				70D690952048D7F30070C99D /* ColorViewerController.swift in Sources */,
				70603853293C3BC200D275B9 /* PaletteView.swift in Sources */,
				70B64F252096C0AA00D379BC /* OPViewController.swift in Sources */,
				7060393C294FC04C00D275B9 /* PaletteNavigationView.swift in Sources */,
				7060385F293ECDD000D275B9 /* ColorGroupGridViewModel.swift in Sources */,
				7060385A293D465B00D275B9 /* NSColor+Util.swift in Sources */,
				70D690732048CED70070C99D /* AppDelegate.swift in Sources */,
				7070BDFE20D05A2F00A96D5A /* OPNameTextField.swift in Sources */,
				70D6909E204BB57B0070C99D /* ColorSquareView.swift in Sources */,
				70FE689F204F5BF300DA4E76 /* Palette.swift in Sources */,
				70F954F7296B86980035E8E3 /* PaletteEditingContentView.swift in Sources */,
				70FE68A9205233FA00DA4E76 /* ColorGroupSelector.swift in Sources */,
				70603858293D2BA200D275B9 /* PaletteService.swift in Sources */,
				70603861293ECE0800D275B9 /* ColorGroupSelectorViewModel.swift in Sources */,
				706B90B820CAFC9D005E6250 /* OPUtil.swift in Sources */,
				702F38A520E9975A0099BC87 /* ClipboardSettingController.swift in Sources */,
				70D690782048CED70070C99D /* OnePalette.xcdatamodeld in Sources */,
				70D69098204BA5360070C99D /* EventMonitor.swift in Sources */,
				70B64F272096C2B200D379BC /* MainWindowController.swift in Sources */,
				70FE68A5204F5DEB00DA4E76 /* OPColor.swift in Sources */,
				70FE68A3204F5C9700DA4E76 /* OPColorGroup.swift in Sources */,
				70603855293C455A00D275B9 /* ColorGroupSelectorView.swift in Sources */,
				7060386429459E6800D275B9 /* PageController.swift in Sources */,
			);
			runOnlyForDeploymentPostprocessing = 0;
		};
		70D690802048CED70070C99D /* Sources */ = {
			isa = PBXSourcesBuildPhase;
			buildActionMask = 2147483647;
			files = (
				70D690892048CED70070C99D /* OnePaletteTests.swift in Sources */,
			);
			runOnlyForDeploymentPostprocessing = 0;
		};
/* End PBXSourcesBuildPhase section */

/* Begin PBXTargetDependency section */
		70D690862048CED70070C99D /* PBXTargetDependency */ = {
			isa = PBXTargetDependency;
			target = 70D6906E2048CED70070C99D /* OnePalette */;
			targetProxy = 70D690852048CED70070C99D /* PBXContainerItemProxy */;
		};
/* End PBXTargetDependency section */

/* Begin PBXVariantGroup section */
		70D6907B2048CED70070C99D /* Main.storyboard */ = {
			isa = PBXVariantGroup;
			children = (
				70D6907C2048CED70070C99D /* Base */,
			);
			name = Main.storyboard;
			sourceTree = "<group>";
		};
/* End PBXVariantGroup section */

/* Begin XCBuildConfiguration section */
		70D6908B2048CED70070C99D /* Debug */ = {
			isa = XCBuildConfiguration;
			buildSettings = {
				ALWAYS_SEARCH_USER_PATHS = NO;
				CLANG_ANALYZER_NONNULL = YES;
				CLANG_ANALYZER_NUMBER_OBJECT_CONVERSION = YES_AGGRESSIVE;
				CLANG_CXX_LANGUAGE_STANDARD = "gnu++14";
				CLANG_CXX_LIBRARY = "libc++";
				CLANG_ENABLE_MODULES = YES;
				CLANG_ENABLE_OBJC_ARC = YES;
				CLANG_WARN_BLOCK_CAPTURE_AUTORELEASING = YES;
				CLANG_WARN_BOOL_CONVERSION = YES;
				CLANG_WARN_COMMA = YES;
				CLANG_WARN_CONSTANT_CONVERSION = YES;
				CLANG_WARN_DEPRECATED_OBJC_IMPLEMENTATIONS = YES;
				CLANG_WARN_DIRECT_OBJC_ISA_USAGE = YES_ERROR;
				CLANG_WARN_DOCUMENTATION_COMMENTS = YES;
				CLANG_WARN_EMPTY_BODY = YES;
				CLANG_WARN_ENUM_CONVERSION = YES;
				CLANG_WARN_INFINITE_RECURSION = YES;
				CLANG_WARN_INT_CONVERSION = YES;
				CLANG_WARN_NON_LITERAL_NULL_CONVERSION = YES;
				CLANG_WARN_OBJC_IMPLICIT_RETAIN_SELF = YES;
				CLANG_WARN_OBJC_LITERAL_CONVERSION = YES;
				CLANG_WARN_OBJC_ROOT_CLASS = YES_ERROR;
				CLANG_WARN_QUOTED_INCLUDE_IN_FRAMEWORK_HEADER = YES;
				CLANG_WARN_RANGE_LOOP_ANALYSIS = YES;
				CLANG_WARN_STRICT_PROTOTYPES = YES;
				CLANG_WARN_SUSPICIOUS_MOVE = YES;
				CLANG_WARN_UNGUARDED_AVAILABILITY = YES_AGGRESSIVE;
				CLANG_WARN_UNREACHABLE_CODE = YES;
				CLANG_WARN__DUPLICATE_METHOD_MATCH = YES;
				CODE_SIGN_IDENTITY = "-";
				COPY_PHASE_STRIP = NO;
				DEAD_CODE_STRIPPING = YES;
				DEBUG_INFORMATION_FORMAT = dwarf;
				ENABLE_STRICT_OBJC_MSGSEND = YES;
				ENABLE_TESTABILITY = YES;
				GCC_C_LANGUAGE_STANDARD = gnu11;
				GCC_DYNAMIC_NO_PIC = NO;
				GCC_NO_COMMON_BLOCKS = YES;
				GCC_OPTIMIZATION_LEVEL = 0;
				GCC_PREPROCESSOR_DEFINITIONS = (
					"DEBUG=1",
					"$(inherited)",
				);
				GCC_WARN_64_TO_32_BIT_CONVERSION = YES;
				GCC_WARN_ABOUT_RETURN_TYPE = YES_ERROR;
				GCC_WARN_UNDECLARED_SELECTOR = YES;
				GCC_WARN_UNINITIALIZED_AUTOS = YES_AGGRESSIVE;
				GCC_WARN_UNUSED_FUNCTION = YES;
				GCC_WARN_UNUSED_VARIABLE = YES;
				MACOSX_DEPLOYMENT_TARGET = 12.0;
				MTL_ENABLE_DEBUG_INFO = YES;
				ONLY_ACTIVE_ARCH = YES;
				SDKROOT = macosx;
				SWIFT_ACTIVE_COMPILATION_CONDITIONS = DEBUG;
				SWIFT_OPTIMIZATION_LEVEL = "-Onone";
			};
			name = Debug;
		};
		70D6908C2048CED70070C99D /* Release */ = {
			isa = XCBuildConfiguration;
			buildSettings = {
				ALWAYS_SEARCH_USER_PATHS = NO;
				CLANG_ANALYZER_NONNULL = YES;
				CLANG_ANALYZER_NUMBER_OBJECT_CONVERSION = YES_AGGRESSIVE;
				CLANG_CXX_LANGUAGE_STANDARD = "gnu++14";
				CLANG_CXX_LIBRARY = "libc++";
				CLANG_ENABLE_MODULES = YES;
				CLANG_ENABLE_OBJC_ARC = YES;
				CLANG_WARN_BLOCK_CAPTURE_AUTORELEASING = YES;
				CLANG_WARN_BOOL_CONVERSION = YES;
				CLANG_WARN_COMMA = YES;
				CLANG_WARN_CONSTANT_CONVERSION = YES;
				CLANG_WARN_DEPRECATED_OBJC_IMPLEMENTATIONS = YES;
				CLANG_WARN_DIRECT_OBJC_ISA_USAGE = YES_ERROR;
				CLANG_WARN_DOCUMENTATION_COMMENTS = YES;
				CLANG_WARN_EMPTY_BODY = YES;
				CLANG_WARN_ENUM_CONVERSION = YES;
				CLANG_WARN_INFINITE_RECURSION = YES;
				CLANG_WARN_INT_CONVERSION = YES;
				CLANG_WARN_NON_LITERAL_NULL_CONVERSION = YES;
				CLANG_WARN_OBJC_IMPLICIT_RETAIN_SELF = YES;
				CLANG_WARN_OBJC_LITERAL_CONVERSION = YES;
				CLANG_WARN_OBJC_ROOT_CLASS = YES_ERROR;
				CLANG_WARN_QUOTED_INCLUDE_IN_FRAMEWORK_HEADER = YES;
				CLANG_WARN_RANGE_LOOP_ANALYSIS = YES;
				CLANG_WARN_STRICT_PROTOTYPES = YES;
				CLANG_WARN_SUSPICIOUS_MOVE = YES;
				CLANG_WARN_UNGUARDED_AVAILABILITY = YES_AGGRESSIVE;
				CLANG_WARN_UNREACHABLE_CODE = YES;
				CLANG_WARN__DUPLICATE_METHOD_MATCH = YES;
				CODE_SIGN_IDENTITY = "-";
				COPY_PHASE_STRIP = NO;
				DEAD_CODE_STRIPPING = YES;
				DEBUG_INFORMATION_FORMAT = "dwarf-with-dsym";
				ENABLE_NS_ASSERTIONS = NO;
				ENABLE_STRICT_OBJC_MSGSEND = YES;
				GCC_C_LANGUAGE_STANDARD = gnu11;
				GCC_NO_COMMON_BLOCKS = YES;
				GCC_WARN_64_TO_32_BIT_CONVERSION = YES;
				GCC_WARN_ABOUT_RETURN_TYPE = YES_ERROR;
				GCC_WARN_UNDECLARED_SELECTOR = YES;
				GCC_WARN_UNINITIALIZED_AUTOS = YES_AGGRESSIVE;
				GCC_WARN_UNUSED_FUNCTION = YES;
				GCC_WARN_UNUSED_VARIABLE = YES;
				MACOSX_DEPLOYMENT_TARGET = 12.0;
				MTL_ENABLE_DEBUG_INFO = NO;
				SDKROOT = macosx;
				SWIFT_OPTIMIZATION_LEVEL = "-Owholemodule";
			};
			name = Release;
		};
		70D6908E2048CED70070C99D /* Debug */ = {
			isa = XCBuildConfiguration;
			buildSettings = {
				ASSETCATALOG_COMPILER_APPICON_NAME = AppIcon;
				CODE_SIGN_ENTITLEMENTS = OnePalette/OnePalette.entitlements;
				CODE_SIGN_IDENTITY = "-";
				CODE_SIGN_STYLE = Automatic;
				COMBINE_HIDPI_IMAGES = YES;
				DEAD_CODE_STRIPPING = YES;
				INFOPLIST_FILE = OnePalette/Info.plist;
				LD_RUNPATH_SEARCH_PATHS = "$(inherited) @executable_path/../Frameworks";
				PRODUCT_BUNDLE_IDENTIFIER = com.OnePalette;
				PRODUCT_NAME = "$(TARGET_NAME)";
				SWIFT_VERSION = 4.0;
			};
			name = Debug;
		};
		70D6908F2048CED70070C99D /* Release */ = {
			isa = XCBuildConfiguration;
			buildSettings = {
				ASSETCATALOG_COMPILER_APPICON_NAME = AppIcon;
				CODE_SIGN_ENTITLEMENTS = OnePalette/OnePalette.entitlements;
				CODE_SIGN_IDENTITY = "-";
				CODE_SIGN_STYLE = Automatic;
				COMBINE_HIDPI_IMAGES = YES;
				DEAD_CODE_STRIPPING = YES;
				INFOPLIST_FILE = OnePalette/Info.plist;
				LD_RUNPATH_SEARCH_PATHS = "$(inherited) @executable_path/../Frameworks";
				PRODUCT_BUNDLE_IDENTIFIER = com.OnePalette;
				PRODUCT_NAME = "$(TARGET_NAME)";
				SWIFT_VERSION = 4.0;
			};
			name = Release;
		};
		70D690912048CED70070C99D /* Debug */ = {
			isa = XCBuildConfiguration;
			buildSettings = {
				ALWAYS_EMBED_SWIFT_STANDARD_LIBRARIES = YES;
				BUNDLE_LOADER = "$(TEST_HOST)";
				CODE_SIGN_STYLE = Automatic;
				COMBINE_HIDPI_IMAGES = YES;
				DEAD_CODE_STRIPPING = YES;
				INFOPLIST_FILE = OnePaletteTests/Info.plist;
				LD_RUNPATH_SEARCH_PATHS = "$(inherited) @executable_path/../Frameworks @loader_path/../Frameworks";
				PRODUCT_BUNDLE_IDENTIFIER = com.OnePaletteTests;
				PRODUCT_NAME = "$(TARGET_NAME)";
				SWIFT_VERSION = 4.0;
				TEST_HOST = "$(BUILT_PRODUCTS_DIR)/OnePalette.app/Contents/MacOS/OnePalette";
			};
			name = Debug;
		};
		70D690922048CED70070C99D /* Release */ = {
			isa = XCBuildConfiguration;
			buildSettings = {
				ALWAYS_EMBED_SWIFT_STANDARD_LIBRARIES = YES;
				BUNDLE_LOADER = "$(TEST_HOST)";
				CODE_SIGN_STYLE = Automatic;
				COMBINE_HIDPI_IMAGES = YES;
				DEAD_CODE_STRIPPING = YES;
				INFOPLIST_FILE = OnePaletteTests/Info.plist;
				LD_RUNPATH_SEARCH_PATHS = "$(inherited) @executable_path/../Frameworks @loader_path/../Frameworks";
				PRODUCT_BUNDLE_IDENTIFIER = com.OnePaletteTests;
				PRODUCT_NAME = "$(TARGET_NAME)";
				SWIFT_VERSION = 4.0;
				TEST_HOST = "$(BUILT_PRODUCTS_DIR)/OnePalette.app/Contents/MacOS/OnePalette";
			};
			name = Release;
		};
/* End XCBuildConfiguration section */

/* Begin XCConfigurationList section */
		70D6906A2048CED70070C99D /* Build configuration list for PBXProject "OnePalette" */ = {
			isa = XCConfigurationList;
			buildConfigurations = (
				70D6908B2048CED70070C99D /* Debug */,
				70D6908C2048CED70070C99D /* Release */,
			);
			defaultConfigurationIsVisible = 0;
			defaultConfigurationName = Release;
		};
		70D6908D2048CED70070C99D /* Build configuration list for PBXNativeTarget "OnePalette" */ = {
			isa = XCConfigurationList;
			buildConfigurations = (
				70D6908E2048CED70070C99D /* Debug */,
				70D6908F2048CED70070C99D /* Release */,
			);
			defaultConfigurationIsVisible = 0;
			defaultConfigurationName = Release;
		};
		70D690902048CED70070C99D /* Build configuration list for PBXNativeTarget "OnePaletteTests" */ = {
			isa = XCConfigurationList;
			buildConfigurations = (
				70D690912048CED70070C99D /* Debug */,
				70D690922048CED70070C99D /* Release */,
			);
			defaultConfigurationIsVisible = 0;
			defaultConfigurationName = Release;
		};
/* End XCConfigurationList section */

/* Begin XCVersionGroup section */
		70D690762048CED70070C99D /* OnePalette.xcdatamodeld */ = {
			isa = XCVersionGroup;
			children = (
				70D690772048CED70070C99D /* OnePalette.xcdatamodel */,
			);
			currentVersion = 70D690772048CED70070C99D /* OnePalette.xcdatamodel */;
			path = OnePalette.xcdatamodeld;
			sourceTree = "<group>";
			versionGroupType = wrapper.xcdatamodel;
		};
/* End XCVersionGroup section */
	};
	rootObject = 70D690672048CED70070C99D /* Project object */;
}
